PODS:
  - DflabsLibrary (0.0.1)

DEPENDENCIES:
  - DflabsLibrary (from `https://github.com/danigarciaalva/Dragonfly-Labs-Library-Swift.git`)

EXTERNAL SOURCES:
  DflabsLibrary:
    :git: https://github.com/danigarciaalva/Dragonfly-Labs-Library-Swift.git

CHECKOUT OPTIONS:
  DflabsLibrary:
    :commit: dcca9ea1b60f70f1aabd6f990e302d511e552ce1
    :git: https://github.com/danigarciaalva/Dragonfly-Labs-Library-Swift.git

SPEC CHECKSUMS:
  DflabsLibrary: fcd7614da07f081cb7c847224636f83b23a4c5d2

COCOAPODS: 0.39.0
